// !$*UTF8*$!
{
	archiveVersion = 1;
	classes = {
	};
	objectVersion = 56;
	objects = {

/* Begin PBXBuildFile section */
		941449F92AF000040094ACDD /* FirebaseAnalytics in Frameworks */ = {isa = PBXBuildFile; productRef = 941449F82AF000040094ACDD /* FirebaseAnalytics */; };
		941449FB2AF000040094ACDD /* FirebaseAnalyticsOnDeviceConversion in Frameworks */ = {isa = PBXBuildFile; productRef = 941449FA2AF000040094ACDD /* FirebaseAnalyticsOnDeviceConversion */; };
		941449FD2AF000040094ACDD /* FirebaseAnalyticsSwift in Frameworks */ = {isa = PBXBuildFile; productRef = 941449FC2AF000040094ACDD /* FirebaseAnalyticsSwift */; };
		941449FF2AF000040094ACDD /* FirebaseAnalyticsWithoutAdIdSupport in Frameworks */ = {isa = PBXBuildFile; productRef = 941449FE2AF000040094ACDD /* FirebaseAnalyticsWithoutAdIdSupport */; };
		94144A012AF000040094ACDD /* FirebaseAppCheck in Frameworks */ = {isa = PBXBuildFile; productRef = 94144A002AF000040094ACDD /* FirebaseAppCheck */; };
		94144A032AF000040094ACDD /* FirebaseAppDistribution-Beta in Frameworks */ = {isa = PBXBuildFile; productRef = 94144A022AF000040094ACDD /* FirebaseAppDistribution-Beta */; };
		94144A052AF000040094ACDD /* FirebaseAuth in Frameworks */ = {isa = PBXBuildFile; productRef = 94144A042AF000040094ACDD /* FirebaseAuth */; };
		94144A072AF000040094ACDD /* FirebaseAuthCombine-Community in Frameworks */ = {isa = PBXBuildFile; productRef = 94144A062AF000040094ACDD /* FirebaseAuthCombine-Community */; };
		94144A092AF000040094ACDD /* FirebaseCrashlytics in Frameworks */ = {isa = PBXBuildFile; productRef = 94144A082AF000040094ACDD /* FirebaseCrashlytics */; };
		94144A0B2AF000040094ACDD /* FirebaseDatabase in Frameworks */ = {isa = PBXBuildFile; productRef = 94144A0A2AF000040094ACDD /* FirebaseDatabase */; };
		94144A0D2AF000040094ACDD /* FirebaseDatabaseSwift in Frameworks */ = {isa = PBXBuildFile; productRef = 94144A0C2AF000040094ACDD /* FirebaseDatabaseSwift */; };
		94144A0F2AF000040094ACDD /* FirebaseDynamicLinks in Frameworks */ = {isa = PBXBuildFile; productRef = 94144A0E2AF000040094ACDD /* FirebaseDynamicLinks */; };
		94144A112AF000040094ACDD /* FirebaseFirestore in Frameworks */ = {isa = PBXBuildFile; productRef = 94144A102AF000040094ACDD /* FirebaseFirestore */; };
		94144A132AF000040094ACDD /* FirebaseFirestoreCombine-Community in Frameworks */ = {isa = PBXBuildFile; productRef = 94144A122AF000040094ACDD /* FirebaseFirestoreCombine-Community */; };
		94144A152AF000040094ACDD /* FirebaseFirestoreSwift in Frameworks */ = {isa = PBXBuildFile; productRef = 94144A142AF000040094ACDD /* FirebaseFirestoreSwift */; };
		94144A172AF000040094ACDD /* FirebaseFunctions in Frameworks */ = {isa = PBXBuildFile; productRef = 94144A162AF000040094ACDD /* FirebaseFunctions */; };
		94144A192AF000040094ACDD /* FirebaseFunctionsCombine-Community in Frameworks */ = {isa = PBXBuildFile; productRef = 94144A182AF000040094ACDD /* FirebaseFunctionsCombine-Community */; };
		94144A1B2AF000040094ACDD /* FirebaseInAppMessaging-Beta in Frameworks */ = {isa = PBXBuildFile; productRef = 94144A1A2AF000040094ACDD /* FirebaseInAppMessaging-Beta */; };
		94144A1D2AF000040094ACDD /* FirebaseInAppMessagingSwift-Beta in Frameworks */ = {isa = PBXBuildFile; productRef = 94144A1C2AF000040094ACDD /* FirebaseInAppMessagingSwift-Beta */; };
		94144A1F2AF000040094ACDD /* FirebaseInstallations in Frameworks */ = {isa = PBXBuildFile; productRef = 94144A1E2AF000040094ACDD /* FirebaseInstallations */; };
		94144A212AF000040094ACDD /* FirebaseMLModelDownloader in Frameworks */ = {isa = PBXBuildFile; productRef = 94144A202AF000040094ACDD /* FirebaseMLModelDownloader */; };
		94144A232AF000040094ACDD /* FirebaseMessaging in Frameworks */ = {isa = PBXBuildFile; productRef = 94144A222AF000040094ACDD /* FirebaseMessaging */; };
		94144A252AF000040094ACDD /* FirebasePerformance in Frameworks */ = {isa = PBXBuildFile; productRef = 94144A242AF000040094ACDD /* FirebasePerformance */; };
		94144A272AF000040094ACDD /* FirebaseRemoteConfig in Frameworks */ = {isa = PBXBuildFile; productRef = 94144A262AF000040094ACDD /* FirebaseRemoteConfig */; };
		94144A292AF000040094ACDD /* FirebaseRemoteConfigSwift in Frameworks */ = {isa = PBXBuildFile; productRef = 94144A282AF000040094ACDD /* FirebaseRemoteConfigSwift */; };
		94144A2B2AF000040094ACDD /* FirebaseStorage in Frameworks */ = {isa = PBXBuildFile; productRef = 94144A2A2AF000040094ACDD /* FirebaseStorage */; };
		94144A2D2AF000040094ACDD /* FirebaseStorageCombine-Community in Frameworks */ = {isa = PBXBuildFile; productRef = 94144A2C2AF000040094ACDD /* FirebaseStorageCombine-Community */; };
		941517B62AE19C0B00137FB6 /* CinemaConceptAppApp.swift in Sources */ = {isa = PBXBuildFile; fileRef = 941517B52AE19C0B00137FB6 /* CinemaConceptAppApp.swift */; };
		941517B82AE19C0B00137FB6 /* ContentView.swift in Sources */ = {isa = PBXBuildFile; fileRef = 941517B72AE19C0B00137FB6 /* ContentView.swift */; };
		941517BA2AE19C0C00137FB6 /* Assets.xcassets in Resources */ = {isa = PBXBuildFile; fileRef = 941517B92AE19C0C00137FB6 /* Assets.xcassets */; };
		941517BD2AE19C0C00137FB6 /* Preview Assets.xcassets in Resources */ = {isa = PBXBuildFile; fileRef = 941517BC2AE19C0C00137FB6 /* Preview Assets.xcassets */; };
		941517C62AE19C7C00137FB6 /* ViewDownloads.swift in Sources */ = {isa = PBXBuildFile; fileRef = 941517C52AE19C7C00137FB6 /* ViewDownloads.swift */; };
		941517C82AE19C9800137FB6 /* ViewSearch.swift in Sources */ = {isa = PBXBuildFile; fileRef = 941517C72AE19C9800137FB6 /* ViewSearch.swift */; };
		941517CA2AE19CA100137FB6 /* ViewMain.swift in Sources */ = {isa = PBXBuildFile; fileRef = 941517C92AE19CA100137FB6 /* ViewMain.swift */; };
		941517CC2AE19CAE00137FB6 /* ViewList.swift in Sources */ = {isa = PBXBuildFile; fileRef = 941517CB2AE19CAE00137FB6 /* ViewList.swift */; };
		941517CE2AE19CBA00137FB6 /* ViewSettings.swift in Sources */ = {isa = PBXBuildFile; fileRef = 941517CD2AE19CBA00137FB6 /* ViewSettings.swift */; };
		94595C402AEED7CB0066B1E6 /* CraftworkGrotesk-Bold.ttf in Resources */ = {isa = PBXBuildFile; fileRef = 94595C3B2AEED7CB0066B1E6 /* CraftworkGrotesk-Bold.ttf */; };
		94595C412AEED7CB0066B1E6 /* CraftworkGrotesk-Heavy.ttf in Resources */ = {isa = PBXBuildFile; fileRef = 94595C3C2AEED7CB0066B1E6 /* CraftworkGrotesk-Heavy.ttf */; };
		94595C422AEED7CB0066B1E6 /* CraftworkGrotesk-Medium.ttf in Resources */ = {isa = PBXBuildFile; fileRef = 94595C3D2AEED7CB0066B1E6 /* CraftworkGrotesk-Medium.ttf */; };
		94595C432AEED7CB0066B1E6 /* CraftworkGrotesk-Regular.ttf in Resources */ = {isa = PBXBuildFile; fileRef = 94595C3E2AEED7CB0066B1E6 /* CraftworkGrotesk-Regular.ttf */; };
		94595C442AEED7CB0066B1E6 /* CraftworkGrotesk-SemiBold.ttf in Resources */ = {isa = PBXBuildFile; fileRef = 94595C3F2AEED7CB0066B1E6 /* CraftworkGrotesk-SemiBold.ttf */; };
		947AAF102AF3EB1900C5E858 /* CountryCodes.swift in Sources */ = {isa = PBXBuildFile; fileRef = 947AAF0F2AF3EB1900C5E858 /* CountryCodes.swift */; };
		9482416B2AEBC457004764B4 /* ProductPageView.swift in Sources */ = {isa = PBXBuildFile; fileRef = 9482416A2AEBC457004764B4 /* ProductPageView.swift */; };
		94883B082AE1C0B500BC1708 /* WelcomeView.swift in Sources */ = {isa = PBXBuildFile; fileRef = 94883B072AE1C0B500BC1708 /* WelcomeView.swift */; };
		94883B0A2AE1C0C000BC1708 /* SignInView.swift in Sources */ = {isa = PBXBuildFile; fileRef = 94883B092AE1C0C000BC1708 /* SignInView.swift */; };
		94883B0C2AE1C0D400BC1708 /* GetCodeView.swift in Sources */ = {isa = PBXBuildFile; fileRef = 94883B0B2AE1C0D400BC1708 /* GetCodeView.swift */; };
		94C884D62AEF16FE00FAE2E4 /* TrendingItem.swift in Sources */ = {isa = PBXBuildFile; fileRef = 94C884D42AEF16FE00FAE2E4 /* TrendingItem.swift */; };
		94C884D72AEF16FE00FAE2E4 /* MovieDBViewModel.swift in Sources */ = {isa = PBXBuildFile; fileRef = 94C884D52AEF16FE00FAE2E4 /* MovieDBViewModel.swift */; };
		94D6991C2AE590BB00AA91F7 /* NavBarView.swift in Sources */ = {isa = PBXBuildFile; fileRef = 94D6991B2AE590BB00AA91F7 /* NavBarView.swift */; };
/* End PBXBuildFile section */

/* Begin PBXFileReference section */
		941517B22AE19C0B00137FB6 /* CinemaConceptApp.app */ = {isa = PBXFileReference; explicitFileType = wrapper.application; includeInIndex = 0; path = CinemaConceptApp.app; sourceTree = BUILT_PRODUCTS_DIR; };
		941517B52AE19C0B00137FB6 /* CinemaConceptAppApp.swift */ = {isa = PBXFileReference; lastKnownFileType = sourcecode.swift; path = CinemaConceptAppApp.swift; sourceTree = "<group>"; };
		941517B72AE19C0B00137FB6 /* ContentView.swift */ = {isa = PBXFileReference; lastKnownFileType = sourcecode.swift; path = ContentView.swift; sourceTree = "<group>"; };
		941517B92AE19C0C00137FB6 /* Assets.xcassets */ = {isa = PBXFileReference; lastKnownFileType = folder.assetcatalog; path = Assets.xcassets; sourceTree = "<group>"; };
		941517BC2AE19C0C00137FB6 /* Preview Assets.xcassets */ = {isa = PBXFileReference; lastKnownFileType = folder.assetcatalog; path = "Preview Assets.xcassets"; sourceTree = "<group>"; };
		941517C52AE19C7C00137FB6 /* ViewDownloads.swift */ = {isa = PBXFileReference; lastKnownFileType = sourcecode.swift; path = ViewDownloads.swift; sourceTree = "<group>"; };
		941517C72AE19C9800137FB6 /* ViewSearch.swift */ = {isa = PBXFileReference; lastKnownFileType = sourcecode.swift; path = ViewSearch.swift; sourceTree = "<group>"; };
		941517C92AE19CA100137FB6 /* ViewMain.swift */ = {isa = PBXFileReference; lastKnownFileType = sourcecode.swift; path = ViewMain.swift; sourceTree = "<group>"; };
		941517CB2AE19CAE00137FB6 /* ViewList.swift */ = {isa = PBXFileReference; lastKnownFileType = sourcecode.swift; path = ViewList.swift; sourceTree = "<group>"; };
		941517CD2AE19CBA00137FB6 /* ViewSettings.swift */ = {isa = PBXFileReference; lastKnownFileType = sourcecode.swift; path = ViewSettings.swift; sourceTree = "<group>"; };
		94595C3B2AEED7CB0066B1E6 /* CraftworkGrotesk-Bold.ttf */ = {isa = PBXFileReference; lastKnownFileType = file; path = "CraftworkGrotesk-Bold.ttf"; sourceTree = "<group>"; };
		94595C3C2AEED7CB0066B1E6 /* CraftworkGrotesk-Heavy.ttf */ = {isa = PBXFileReference; lastKnownFileType = file; path = "CraftworkGrotesk-Heavy.ttf"; sourceTree = "<group>"; };
		94595C3D2AEED7CB0066B1E6 /* CraftworkGrotesk-Medium.ttf */ = {isa = PBXFileReference; lastKnownFileType = file; path = "CraftworkGrotesk-Medium.ttf"; sourceTree = "<group>"; };
		94595C3E2AEED7CB0066B1E6 /* CraftworkGrotesk-Regular.ttf */ = {isa = PBXFileReference; lastKnownFileType = file; path = "CraftworkGrotesk-Regular.ttf"; sourceTree = "<group>"; };
		94595C3F2AEED7CB0066B1E6 /* CraftworkGrotesk-SemiBold.ttf */ = {isa = PBXFileReference; lastKnownFileType = file; path = "CraftworkGrotesk-SemiBold.ttf"; sourceTree = "<group>"; };
		94595C452AEED8060066B1E6 /* Info.plist */ = {isa = PBXFileReference; lastKnownFileType = text.plist; path = Info.plist; sourceTree = "<group>"; };
		947AAF0F2AF3EB1900C5E858 /* CountryCodes.swift */ = {isa = PBXFileReference; lastKnownFileType = sourcecode.swift; path = CountryCodes.swift; sourceTree = "<group>"; };
		9482416A2AEBC457004764B4 /* ProductPageView.swift */ = {isa = PBXFileReference; lastKnownFileType = sourcecode.swift; path = ProductPageView.swift; sourceTree = "<group>"; };
		94883B072AE1C0B500BC1708 /* WelcomeView.swift */ = {isa = PBXFileReference; lastKnownFileType = sourcecode.swift; path = WelcomeView.swift; sourceTree = "<group>"; };
		94883B092AE1C0C000BC1708 /* SignInView.swift */ = {isa = PBXFileReference; lastKnownFileType = sourcecode.swift; path = SignInView.swift; sourceTree = "<group>"; };
		94883B0B2AE1C0D400BC1708 /* GetCodeView.swift */ = {isa = PBXFileReference; lastKnownFileType = sourcecode.swift; path = GetCodeView.swift; sourceTree = "<group>"; };
		94C884D42AEF16FE00FAE2E4 /* TrendingItem.swift */ = {isa = PBXFileReference; fileEncoding = 4; lastKnownFileType = sourcecode.swift; path = TrendingItem.swift; sourceTree = "<group>"; };
		94C884D52AEF16FE00FAE2E4 /* MovieDBViewModel.swift */ = {isa = PBXFileReference; fileEncoding = 4; lastKnownFileType = sourcecode.swift; path = MovieDBViewModel.swift; sourceTree = "<group>"; };
		94D6991B2AE590BB00AA91F7 /* NavBarView.swift */ = {isa = PBXFileReference; lastKnownFileType = sourcecode.swift; path = NavBarView.swift; sourceTree = "<group>"; };
/* End PBXFileReference section */

/* Begin PBXFrameworksBuildPhase section */
		941517AF2AE19C0B00137FB6 /* Frameworks */ = {
			isa = PBXFrameworksBuildPhase;
			buildActionMask = 2147483647;
			files = (
				94144A0B2AF000040094ACDD /* FirebaseDatabase in Frameworks */,
				94144A192AF000040094ACDD /* FirebaseFunctionsCombine-Community in Frameworks */,
				94144A112AF000040094ACDD /* FirebaseFirestore in Frameworks */,
				941449FD2AF000040094ACDD /* FirebaseAnalyticsSwift in Frameworks */,
				941449F92AF000040094ACDD /* FirebaseAnalytics in Frameworks */,
				941449FB2AF000040094ACDD /* FirebaseAnalyticsOnDeviceConversion in Frameworks */,
				94144A212AF000040094ACDD /* FirebaseMLModelDownloader in Frameworks */,
				94144A152AF000040094ACDD /* FirebaseFirestoreSwift in Frameworks */,
				94144A012AF000040094ACDD /* FirebaseAppCheck in Frameworks */,
				941449FF2AF000040094ACDD /* FirebaseAnalyticsWithoutAdIdSupport in Frameworks */,
				94144A052AF000040094ACDD /* FirebaseAuth in Frameworks */,
				94144A092AF000040094ACDD /* FirebaseCrashlytics in Frameworks */,
				94144A292AF000040094ACDD /* FirebaseRemoteConfigSwift in Frameworks */,
				94144A1B2AF000040094ACDD /* FirebaseInAppMessaging-Beta in Frameworks */,
				94144A0D2AF000040094ACDD /* FirebaseDatabaseSwift in Frameworks */,
				94144A172AF000040094ACDD /* FirebaseFunctions in Frameworks */,
				94144A2D2AF000040094ACDD /* FirebaseStorageCombine-Community in Frameworks */,
				94144A272AF000040094ACDD /* FirebaseRemoteConfig in Frameworks */,
				94144A032AF000040094ACDD /* FirebaseAppDistribution-Beta in Frameworks */,
				94144A072AF000040094ACDD /* FirebaseAuthCombine-Community in Frameworks */,
				94144A252AF000040094ACDD /* FirebasePerformance in Frameworks */,
				94144A1D2AF000040094ACDD /* FirebaseInAppMessagingSwift-Beta in Frameworks */,
				94144A2B2AF000040094ACDD /* FirebaseStorage in Frameworks */,
				94144A0F2AF000040094ACDD /* FirebaseDynamicLinks in Frameworks */,
				94144A132AF000040094ACDD /* FirebaseFirestoreCombine-Community in Frameworks */,
				94144A232AF000040094ACDD /* FirebaseMessaging in Frameworks */,
				94144A1F2AF000040094ACDD /* FirebaseInstallations in Frameworks */,
			);
			runOnlyForDeploymentPostprocessing = 0;
		};
/* End PBXFrameworksBuildPhase section */

/* Begin PBXGroup section */
		941517A92AE19C0B00137FB6 = {
			isa = PBXGroup;
			children = (
				941517B42AE19C0B00137FB6 /* CinemaConceptApp */,
				941517B32AE19C0B00137FB6 /* Products */,
			);
			sourceTree = "<group>";
		};
		941517B32AE19C0B00137FB6 /* Products */ = {
			isa = PBXGroup;
			children = (
				941517B22AE19C0B00137FB6 /* CinemaConceptApp.app */,
			);
			name = Products;
			sourceTree = "<group>";
		};
		941517B42AE19C0B00137FB6 /* CinemaConceptApp */ = {
			isa = PBXGroup;
			children = (
				94595C452AEED8060066B1E6 /* Info.plist */,
				944E52DD2B263ED40061595C /* Common */,
				944E52DC2B263EB50061595C /* Login */,
				94C884D32AEF16FE00FAE2E4 /* FuncModels */,
				941517C42AE19C4B00137FB6 /* Views */,
				941517B52AE19C0B00137FB6 /* CinemaConceptAppApp.swift */,
				941517B72AE19C0B00137FB6 /* ContentView.swift */,
				941517B92AE19C0C00137FB6 /* Assets.xcassets */,
				94595C3B2AEED7CB0066B1E6 /* CraftworkGrotesk-Bold.ttf */,
				94595C3C2AEED7CB0066B1E6 /* CraftworkGrotesk-Heavy.ttf */,
				94595C3D2AEED7CB0066B1E6 /* CraftworkGrotesk-Medium.ttf */,
				94595C3E2AEED7CB0066B1E6 /* CraftworkGrotesk-Regular.ttf */,
				94595C3F2AEED7CB0066B1E6 /* CraftworkGrotesk-SemiBold.ttf */,
				941517BB2AE19C0C00137FB6 /* Preview Content */,
			);
			path = CinemaConceptApp;
			sourceTree = "<group>";
		};
		941517BB2AE19C0C00137FB6 /* Preview Content */ = {
			isa = PBXGroup;
			children = (
				941517BC2AE19C0C00137FB6 /* Preview Assets.xcassets */,
			);
			path = "Preview Content";
			sourceTree = "<group>";
		};
		941517C42AE19C4B00137FB6 /* Views */ = {
			isa = PBXGroup;
			children = (
				941517C52AE19C7C00137FB6 /* ViewDownloads.swift */,
				941517C72AE19C9800137FB6 /* ViewSearch.swift */,
				941517C92AE19CA100137FB6 /* ViewMain.swift */,
				941517CB2AE19CAE00137FB6 /* ViewList.swift */,
				941517CD2AE19CBA00137FB6 /* ViewSettings.swift */,
			);
			path = Views;
			sourceTree = "<group>";
		};
		944E52DC2B263EB50061595C /* Login */ = {
			isa = PBXGroup;
			children = (
				94883B072AE1C0B500BC1708 /* WelcomeView.swift */,
				94883B092AE1C0C000BC1708 /* SignInView.swift */,
				94883B0B2AE1C0D400BC1708 /* GetCodeView.swift */,
			);
			path = Login;
			sourceTree = "<group>";
		};
		944E52DD2B263ED40061595C /* Common */ = {
			isa = PBXGroup;
			children = (
				94D6991B2AE590BB00AA91F7 /* NavBarView.swift */,
				9482416A2AEBC457004764B4 /* ProductPageView.swift */,
			);
			path = Common;
			sourceTree = "<group>";
		};
		94C884D32AEF16FE00FAE2E4 /* FuncModels */ = {
			isa = PBXGroup;
			children = (
				94C884D42AEF16FE00FAE2E4 /* TrendingItem.swift */,
				94C884D52AEF16FE00FAE2E4 /* MovieDBViewModel.swift */,
				947AAF0F2AF3EB1900C5E858 /* CountryCodes.swift */,
			);
			name = FuncModels;
			path = CinemaConceptApp/FuncModels;
			sourceTree = SOURCE_ROOT;
		};
/* End PBXGroup section */

/* Begin PBXNativeTarget section */
		941517B12AE19C0B00137FB6 /* CinemaConceptApp */ = {
			isa = PBXNativeTarget;
			buildConfigurationList = 941517C02AE19C0C00137FB6 /* Build configuration list for PBXNativeTarget "CinemaConceptApp" */;
			buildPhases = (
				941517AE2AE19C0B00137FB6 /* Sources */,
				941517AF2AE19C0B00137FB6 /* Frameworks */,
				941517B02AE19C0B00137FB6 /* Resources */,
			);
			buildRules = (
			);
			dependencies = (
			);
			name = CinemaConceptApp;
			packageProductDependencies = (
				941449F82AF000040094ACDD /* FirebaseAnalytics */,
				941449FA2AF000040094ACDD /* FirebaseAnalyticsOnDeviceConversion */,
				941449FC2AF000040094ACDD /* FirebaseAnalyticsSwift */,
				941449FE2AF000040094ACDD /* FirebaseAnalyticsWithoutAdIdSupport */,
				94144A002AF000040094ACDD /* FirebaseAppCheck */,
				94144A022AF000040094ACDD /* FirebaseAppDistribution-Beta */,
				94144A042AF000040094ACDD /* FirebaseAuth */,
				94144A062AF000040094ACDD /* FirebaseAuthCombine-Community */,
				94144A082AF000040094ACDD /* FirebaseCrashlytics */,
				94144A0A2AF000040094ACDD /* FirebaseDatabase */,
				94144A0C2AF000040094ACDD /* FirebaseDatabaseSwift */,
				94144A0E2AF000040094ACDD /* FirebaseDynamicLinks */,
				94144A102AF000040094ACDD /* FirebaseFirestore */,
				94144A122AF000040094ACDD /* FirebaseFirestoreCombine-Community */,
				94144A142AF000040094ACDD /* FirebaseFirestoreSwift */,
				94144A162AF000040094ACDD /* FirebaseFunctions */,
				94144A182AF000040094ACDD /* FirebaseFunctionsCombine-Community */,
				94144A1A2AF000040094ACDD /* FirebaseInAppMessaging-Beta */,
				94144A1C2AF000040094ACDD /* FirebaseInAppMessagingSwift-Beta */,
				94144A1E2AF000040094ACDD /* FirebaseInstallations */,
				94144A202AF000040094ACDD /* FirebaseMLModelDownloader */,
				94144A222AF000040094ACDD /* FirebaseMessaging */,
				94144A242AF000040094ACDD /* FirebasePerformance */,
				94144A262AF000040094ACDD /* FirebaseRemoteConfig */,
				94144A282AF000040094ACDD /* FirebaseRemoteConfigSwift */,
				94144A2A2AF000040094ACDD /* FirebaseStorage */,
				94144A2C2AF000040094ACDD /* FirebaseStorageCombine-Community */,
			);
			productName = CinemaConceptApp;
			productReference = 941517B22AE19C0B00137FB6 /* CinemaConceptApp.app */;
			productType = "com.apple.product-type.application";
		};
/* End PBXNativeTarget section */

/* Begin PBXProject section */
		941517AA2AE19C0B00137FB6 /* Project object */ = {
			isa = PBXProject;
			attributes = {
				BuildIndependentTargetsInParallel = 1;
				LastSwiftUpdateCheck = 1500;
				LastUpgradeCheck = 1500;
				TargetAttributes = {
					941517B12AE19C0B00137FB6 = {
						CreatedOnToolsVersion = 15.0;
					};
				};
			};
			buildConfigurationList = 941517AD2AE19C0B00137FB6 /* Build configuration list for PBXProject "CinemaConceptApp" */;
			compatibilityVersion = "Xcode 14.0";
			developmentRegion = en;
			hasScannedForEncodings = 0;
			knownRegions = (
				en,
				Base,
			);
			mainGroup = 941517A92AE19C0B00137FB6;
			packageReferences = (
				941449F72AF000040094ACDD /* XCRemoteSwiftPackageReference "firebase-ios-sdk" */,
			);
			productRefGroup = 941517B32AE19C0B00137FB6 /* Products */;
			projectDirPath = "";
			projectRoot = "";
			targets = (
				941517B12AE19C0B00137FB6 /* CinemaConceptApp */,
			);
		};
/* End PBXProject section */

/* Begin PBXResourcesBuildPhase section */
		941517B02AE19C0B00137FB6 /* Resources */ = {
			isa = PBXResourcesBuildPhase;
			buildActionMask = 2147483647;
			files = (
				94595C402AEED7CB0066B1E6 /* CraftworkGrotesk-Bold.ttf in Resources */,
				94595C442AEED7CB0066B1E6 /* CraftworkGrotesk-SemiBold.ttf in Resources */,
				94595C432AEED7CB0066B1E6 /* CraftworkGrotesk-Regular.ttf in Resources */,
				941517BD2AE19C0C00137FB6 /* Preview Assets.xcassets in Resources */,
				94595C412AEED7CB0066B1E6 /* CraftworkGrotesk-Heavy.ttf in Resources */,
				94595C422AEED7CB0066B1E6 /* CraftworkGrotesk-Medium.ttf in Resources */,
				941517BA2AE19C0C00137FB6 /* Assets.xcassets in Resources */,
			);
			runOnlyForDeploymentPostprocessing = 0;
		};
/* End PBXResourcesBuildPhase section */

/* Begin PBXSourcesBuildPhase section */
		941517AE2AE19C0B00137FB6 /* Sources */ = {
			isa = PBXSourcesBuildPhase;
			buildActionMask = 2147483647;
			files = (
				9482416B2AEBC457004764B4 /* ProductPageView.swift in Sources */,
				94883B0A2AE1C0C000BC1708 /* SignInView.swift in Sources */,
				94C884D62AEF16FE00FAE2E4 /* TrendingItem.swift in Sources */,
				94C884D72AEF16FE00FAE2E4 /* MovieDBViewModel.swift in Sources */,
				941517C82AE19C9800137FB6 /* ViewSearch.swift in Sources */,
				947AAF102AF3EB1900C5E858 /* CountryCodes.swift in Sources */,
				941517CA2AE19CA100137FB6 /* ViewMain.swift in Sources */,
				941517CC2AE19CAE00137FB6 /* ViewList.swift in Sources */,
				94883B082AE1C0B500BC1708 /* WelcomeView.swift in Sources */,
				94D6991C2AE590BB00AA91F7 /* NavBarView.swift in Sources */,
				941517B82AE19C0B00137FB6 /* ContentView.swift in Sources */,
				94883B0C2AE1C0D400BC1708 /* GetCodeView.swift in Sources */,
				941517CE2AE19CBA00137FB6 /* ViewSettings.swift in Sources */,
				941517C62AE19C7C00137FB6 /* ViewDownloads.swift in Sources */,
				941517B62AE19C0B00137FB6 /* CinemaConceptAppApp.swift in Sources */,
			);
			runOnlyForDeploymentPostprocessing = 0;
		};
/* End PBXSourcesBuildPhase section */

/* Begin XCBuildConfiguration section */
		941517BE2AE19C0C00137FB6 /* Debug */ = {
			isa = XCBuildConfiguration;
			buildSettings = {
				ALWAYS_SEARCH_USER_PATHS = NO;
				ASSETCATALOG_COMPILER_GENERATE_SWIFT_ASSET_SYMBOL_EXTENSIONS = YES;
				CLANG_ANALYZER_NONNULL = YES;
				CLANG_ANALYZER_NUMBER_OBJECT_CONVERSION = YES_AGGRESSIVE;
				CLANG_CXX_LANGUAGE_STANDARD = "gnu++20";
				CLANG_ENABLE_MODULES = YES;
				CLANG_ENABLE_OBJC_ARC = YES;
				CLANG_ENABLE_OBJC_WEAK = YES;
				CLANG_WARN_BLOCK_CAPTURE_AUTORELEASING = YES;
				CLANG_WARN_BOOL_CONVERSION = YES;
				CLANG_WARN_COMMA = YES;
				CLANG_WARN_CONSTANT_CONVERSION = YES;
				CLANG_WARN_DEPRECATED_OBJC_IMPLEMENTATIONS = YES;
				CLANG_WARN_DIRECT_OBJC_ISA_USAGE = YES_ERROR;
				CLANG_WARN_DOCUMENTATION_COMMENTS = YES;
				CLANG_WARN_EMPTY_BODY = YES;
				CLANG_WARN_ENUM_CONVERSION = YES;
				CLANG_WARN_INFINITE_RECURSION = YES;
				CLANG_WARN_INT_CONVERSION = YES;
				CLANG_WARN_NON_LITERAL_NULL_CONVERSION = YES;
				CLANG_WARN_OBJC_IMPLICIT_RETAIN_SELF = YES;
				CLANG_WARN_OBJC_LITERAL_CONVERSION = YES;
				CLANG_WARN_OBJC_ROOT_CLASS = YES_ERROR;
				CLANG_WARN_QUOTED_INCLUDE_IN_FRAMEWORK_HEADER = YES;
				CLANG_WARN_RANGE_LOOP_ANALYSIS = YES;
				CLANG_WARN_STRICT_PROTOTYPES = YES;
				CLANG_WARN_SUSPICIOUS_MOVE = YES;
				CLANG_WARN_UNGUARDED_AVAILABILITY = YES_AGGRESSIVE;
				CLANG_WARN_UNREACHABLE_CODE = YES;
				CLANG_WARN__DUPLICATE_METHOD_MATCH = YES;
				COPY_PHASE_STRIP = NO;
				DEBUG_INFORMATION_FORMAT = dwarf;
				ENABLE_STRICT_OBJC_MSGSEND = YES;
				ENABLE_TESTABILITY = YES;
				ENABLE_USER_SCRIPT_SANDBOXING = YES;
				GCC_C_LANGUAGE_STANDARD = gnu17;
				GCC_DYNAMIC_NO_PIC = NO;
				GCC_NO_COMMON_BLOCKS = YES;
				GCC_OPTIMIZATION_LEVEL = 0;
				GCC_PREPROCESSOR_DEFINITIONS = (
					"DEBUG=1",
					"$(inherited)",
				);
				GCC_WARN_64_TO_32_BIT_CONVERSION = YES;
				GCC_WARN_ABOUT_RETURN_TYPE = YES_ERROR;
				GCC_WARN_UNDECLARED_SELECTOR = YES;
				GCC_WARN_UNINITIALIZED_AUTOS = YES_AGGRESSIVE;
				GCC_WARN_UNUSED_FUNCTION = YES;
				GCC_WARN_UNUSED_VARIABLE = YES;
				IPHONEOS_DEPLOYMENT_TARGET = 17.0;
				LOCALIZATION_PREFERS_STRING_CATALOGS = YES;
				MTL_ENABLE_DEBUG_INFO = INCLUDE_SOURCE;
				MTL_FAST_MATH = YES;
				ONLY_ACTIVE_ARCH = YES;
				SDKROOT = iphoneos;
				SWIFT_ACTIVE_COMPILATION_CONDITIONS = "DEBUG $(inherited)";
				SWIFT_OPTIMIZATION_LEVEL = "-Onone";
			};
			name = Debug;
		};
		941517BF2AE19C0C00137FB6 /* Release */ = {
			isa = XCBuildConfiguration;
			buildSettings = {
				ALWAYS_SEARCH_USER_PATHS = NO;
				ASSETCATALOG_COMPILER_GENERATE_SWIFT_ASSET_SYMBOL_EXTENSIONS = YES;
				CLANG_ANALYZER_NONNULL = YES;
				CLANG_ANALYZER_NUMBER_OBJECT_CONVERSION = YES_AGGRESSIVE;
				CLANG_CXX_LANGUAGE_STANDARD = "gnu++20";
				CLANG_ENABLE_MODULES = YES;
				CLANG_ENABLE_OBJC_ARC = YES;
				CLANG_ENABLE_OBJC_WEAK = YES;
				CLANG_WARN_BLOCK_CAPTURE_AUTORELEASING = YES;
				CLANG_WARN_BOOL_CONVERSION = YES;
				CLANG_WARN_COMMA = YES;
				CLANG_WARN_CONSTANT_CONVERSION = YES;
				CLANG_WARN_DEPRECATED_OBJC_IMPLEMENTATIONS = YES;
				CLANG_WARN_DIRECT_OBJC_ISA_USAGE = YES_ERROR;
				CLANG_WARN_DOCUMENTATION_COMMENTS = YES;
				CLANG_WARN_EMPTY_BODY = YES;
				CLANG_WARN_ENUM_CONVERSION = YES;
				CLANG_WARN_INFINITE_RECURSION = YES;
				CLANG_WARN_INT_CONVERSION = YES;
				CLANG_WARN_NON_LITERAL_NULL_CONVERSION = YES;
				CLANG_WARN_OBJC_IMPLICIT_RETAIN_SELF = YES;
				CLANG_WARN_OBJC_LITERAL_CONVERSION = YES;
				CLANG_WARN_OBJC_ROOT_CLASS = YES_ERROR;
				CLANG_WARN_QUOTED_INCLUDE_IN_FRAMEWORK_HEADER = YES;
				CLANG_WARN_RANGE_LOOP_ANALYSIS = YES;
				CLANG_WARN_STRICT_PROTOTYPES = YES;
				CLANG_WARN_SUSPICIOUS_MOVE = YES;
				CLANG_WARN_UNGUARDED_AVAILABILITY = YES_AGGRESSIVE;
				CLANG_WARN_UNREACHABLE_CODE = YES;
				CLANG_WARN__DUPLICATE_METHOD_MATCH = YES;
				COPY_PHASE_STRIP = NO;
				DEBUG_INFORMATION_FORMAT = "dwarf-with-dsym";
				ENABLE_NS_ASSERTIONS = NO;
				ENABLE_STRICT_OBJC_MSGSEND = YES;
				ENABLE_USER_SCRIPT_SANDBOXING = YES;
				GCC_C_LANGUAGE_STANDARD = gnu17;
				GCC_NO_COMMON_BLOCKS = YES;
				GCC_WARN_64_TO_32_BIT_CONVERSION = YES;
				GCC_WARN_ABOUT_RETURN_TYPE = YES_ERROR;
				GCC_WARN_UNDECLARED_SELECTOR = YES;
				GCC_WARN_UNINITIALIZED_AUTOS = YES_AGGRESSIVE;
				GCC_WARN_UNUSED_FUNCTION = YES;
				GCC_WARN_UNUSED_VARIABLE = YES;
				IPHONEOS_DEPLOYMENT_TARGET = 17.0;
				LOCALIZATION_PREFERS_STRING_CATALOGS = YES;
				MTL_ENABLE_DEBUG_INFO = NO;
				MTL_FAST_MATH = YES;
				SDKROOT = iphoneos;
				SWIFT_COMPILATION_MODE = wholemodule;
				VALIDATE_PRODUCT = YES;
			};
			name = Release;
		};
		941517C12AE19C0C00137FB6 /* Debug */ = {
			isa = XCBuildConfiguration;
			buildSettings = {
				ASSETCATALOG_COMPILER_APPICON_NAME = AppIcon;
				ASSETCATALOG_COMPILER_GLOBAL_ACCENT_COLOR_NAME = AccentColor;
				CODE_SIGN_STYLE = Automatic;
				CURRENT_PROJECT_VERSION = 1;
				DEVELOPMENT_ASSET_PATHS = "\"CinemaConceptApp/Preview Content\"";
				DEVELOPMENT_TEAM = QJCK2S4M34;
				ENABLE_PREVIEWS = YES;
				GENERATE_INFOPLIST_FILE = YES;
				INFOPLIST_FILE = CinemaConceptApp/Info.plist;
				INFOPLIST_KEY_CFBundleDisplayName = AmberHub;
				INFOPLIST_KEY_LSApplicationCategoryType = "public.app-category.video";
				INFOPLIST_KEY_UIApplicationSceneManifest_Generation = YES;
				INFOPLIST_KEY_UIApplicationSupportsIndirectInputEvents = YES;
				INFOPLIST_KEY_UILaunchScreen_Generation = YES;
				INFOPLIST_KEY_UISupportedInterfaceOrientations_iPad = "UIInterfaceOrientationPortrait UIInterfaceOrientationPortraitUpsideDown UIInterfaceOrientationLandscapeLeft UIInterfaceOrientationLandscapeRight";
				INFOPLIST_KEY_UISupportedInterfaceOrientations_iPhone = "UIInterfaceOrientationPortrait UIInterfaceOrientationLandscapeLeft UIInterfaceOrientationLandscapeRight";
				LD_RUNPATH_SEARCH_PATHS = (
					"$(inherited)",
					"@executable_path/Frameworks",
				);
				MARKETING_VERSION = 1.0;
				PRODUCT_BUNDLE_IDENTIFIER = ventura.CinemaConceptApp;
				PRODUCT_NAME = "$(TARGET_NAME)";
				SWIFT_EMIT_LOC_STRINGS = YES;
				SWIFT_VERSION = 5.0;
				TARGETED_DEVICE_FAMILY = "1,2";
			};
			name = Debug;
		};
		941517C22AE19C0C00137FB6 /* Release */ = {
			isa = XCBuildConfiguration;
			buildSettings = {
				ASSETCATALOG_COMPILER_APPICON_NAME = AppIcon;
				ASSETCATALOG_COMPILER_GLOBAL_ACCENT_COLOR_NAME = AccentColor;
				CODE_SIGN_STYLE = Automatic;
				CURRENT_PROJECT_VERSION = 1;
				DEVELOPMENT_ASSET_PATHS = "\"CinemaConceptApp/Preview Content\"";
				DEVELOPMENT_TEAM = QJCK2S4M34;
				ENABLE_PREVIEWS = YES;
				GENERATE_INFOPLIST_FILE = YES;
				INFOPLIST_FILE = CinemaConceptApp/Info.plist;
				INFOPLIST_KEY_CFBundleDisplayName = AmberHub;
				INFOPLIST_KEY_LSApplicationCategoryType = "public.app-category.video";
				INFOPLIST_KEY_UIApplicationSceneManifest_Generation = YES;
				INFOPLIST_KEY_UIApplicationSupportsIndirectInputEvents = YES;
				INFOPLIST_KEY_UILaunchScreen_Generation = YES;
				INFOPLIST_KEY_UISupportedInterfaceOrientations_iPad = "UIInterfaceOrientationPortrait UIInterfaceOrientationPortraitUpsideDown UIInterfaceOrientationLandscapeLeft UIInterfaceOrientationLandscapeRight";
				INFOPLIST_KEY_UISupportedInterfaceOrientations_iPhone = "UIInterfaceOrientationPortrait UIInterfaceOrientationLandscapeLeft UIInterfaceOrientationLandscapeRight";
				LD_RUNPATH_SEARCH_PATHS = (
					"$(inherited)",
					"@executable_path/Frameworks",
				);
				MARKETING_VERSION = 1.0;
				PRODUCT_BUNDLE_IDENTIFIER = ventura.CinemaConceptApp;
				PRODUCT_NAME = "$(TARGET_NAME)";
				SWIFT_EMIT_LOC_STRINGS = YES;
				SWIFT_VERSION = 5.0;
				TARGETED_DEVICE_FAMILY = "1,2";
			};
			name = Release;
		};
/* End XCBuildConfiguration section */

/* Begin XCConfigurationList section */
		941517AD2AE19C0B00137FB6 /* Build configuration list for PBXProject "CinemaConceptApp" */ = {
			isa = XCConfigurationList;
			buildConfigurations = (
				941517BE2AE19C0C00137FB6 /* Debug */,
				941517BF2AE19C0C00137FB6 /* Release */,
			);
			defaultConfigurationIsVisible = 0;
			defaultConfigurationName = Release;
		};
		941517C02AE19C0C00137FB6 /* Build configuration list for PBXNativeTarget "CinemaConceptApp" */ = {
			isa = XCConfigurationList;
			buildConfigurations = (
				941517C12AE19C0C00137FB6 /* Debug */,
				941517C22AE19C0C00137FB6 /* Release */,
			);
			defaultConfigurationIsVisible = 0;
			defaultConfigurationName = Release;
		};
/* End XCConfigurationList section */

/* Begin XCRemoteSwiftPackageReference section */
		941449F72AF000040094ACDD /* XCRemoteSwiftPackageReference "firebase-ios-sdk" */ = {
			isa = XCRemoteSwiftPackageReference;
			repositoryURL = "https://github.com/firebase/firebase-ios-sdk.git";
			requirement = {
				kind = upToNextMajorVersion;
				minimumVersion = 10.16.0;
			};
		};
/* End XCRemoteSwiftPackageReference section */

/* Begin XCSwiftPackageProductDependency section */
		941449F82AF000040094ACDD /* FirebaseAnalytics */ = {
			isa = XCSwiftPackageProductDependency;
			package = 941449F72AF000040094ACDD /* XCRemoteSwiftPackageReference "firebase-ios-sdk" */;
			productName = FirebaseAnalytics;
		};
		941449FA2AF000040094ACDD /* FirebaseAnalyticsOnDeviceConversion */ = {
			isa = XCSwiftPackageProductDependency;
			package = 941449F72AF000040094ACDD /* XCRemoteSwiftPackageReference "firebase-ios-sdk" */;
			productName = FirebaseAnalyticsOnDeviceConversion;
		};
		941449FC2AF000040094ACDD /* FirebaseAnalyticsSwift */ = {
			isa = XCSwiftPackageProductDependency;
			package = 941449F72AF000040094ACDD /* XCRemoteSwiftPackageReference "firebase-ios-sdk" */;
			productName = FirebaseAnalyticsSwift;
		};
		941449FE2AF000040094ACDD /* FirebaseAnalyticsWithoutAdIdSupport */ = {
			isa = XCSwiftPackageProductDependency;
			package = 941449F72AF000040094ACDD /* XCRemoteSwiftPackageReference "firebase-ios-sdk" */;
			productName = FirebaseAnalyticsWithoutAdIdSupport;
		};
		94144A002AF000040094ACDD /* FirebaseAppCheck */ = {
			isa = XCSwiftPackageProductDependency;
			package = 941449F72AF000040094ACDD /* XCRemoteSwiftPackageReference "firebase-ios-sdk" */;
			productName = FirebaseAppCheck;
		};
		94144A022AF000040094ACDD /* FirebaseAppDistribution-Beta */ = {
			isa = XCSwiftPackageProductDependency;
			package = 941449F72AF000040094ACDD /* XCRemoteSwiftPackageReference "firebase-ios-sdk" */;
			productName = "FirebaseAppDistribution-Beta";
		};
		94144A042AF000040094ACDD /* FirebaseAuth */ = {
			isa = XCSwiftPackageProductDependency;
			package = 941449F72AF000040094ACDD /* XCRemoteSwiftPackageReference "firebase-ios-sdk" */;
			productName = FirebaseAuth;
		};
		94144A062AF000040094ACDD /* FirebaseAuthCombine-Community */ = {
			isa = XCSwiftPackageProductDependency;
			package = 941449F72AF000040094ACDD /* XCRemoteSwiftPackageReference "firebase-ios-sdk" */;
			productName = "FirebaseAuthCombine-Community";
		};
		94144A082AF000040094ACDD /* FirebaseCrashlytics */ = {
			isa = XCSwiftPackageProductDependency;
			package = 941449F72AF000040094ACDD /* XCRemoteSwiftPackageReference "firebase-ios-sdk" */;
			productName = FirebaseCrashlytics;
		};
		94144A0A2AF000040094ACDD /* FirebaseDatabase */ = {
			isa = XCSwiftPackageProductDependency;
			package = 941449F72AF000040094ACDD /* XCRemoteSwiftPackageReference "firebase-ios-sdk" */;
			productName = FirebaseDatabase;
		};
		94144A0C2AF000040094ACDD /* FirebaseDatabaseSwift */ = {
			isa = XCSwiftPackageProductDependency;
			package = 941449F72AF000040094ACDD /* XCRemoteSwiftPackageReference "firebase-ios-sdk" */;
			productName = FirebaseDatabaseSwift;
		};
		94144A0E2AF000040094ACDD /* FirebaseDynamicLinks */ = {
			isa = XCSwiftPackageProductDependency;
			package = 941449F72AF000040094ACDD /* XCRemoteSwiftPackageReference "firebase-ios-sdk" */;
			productName = FirebaseDynamicLinks;
		};
		94144A102AF000040094ACDD /* FirebaseFirestore */ = {
			isa = XCSwiftPackageProductDependency;
			package = 941449F72AF000040094ACDD /* XCRemoteSwiftPackageReference "firebase-ios-sdk" */;
			productName = FirebaseFirestore;
		};
		94144A122AF000040094ACDD /* FirebaseFirestoreCombine-Community */ = {
			isa = XCSwiftPackageProductDependency;
			package = 941449F72AF000040094ACDD /* XCRemoteSwiftPackageReference "firebase-ios-sdk" */;
			productName = "FirebaseFirestoreCombine-Community";
		};
		94144A142AF000040094ACDD /* FirebaseFirestoreSwift */ = {
			isa = XCSwiftPackageProductDependency;
			package = 941449F72AF000040094ACDD /* XCRemoteSwiftPackageReference "firebase-ios-sdk" */;
			productName = FirebaseFirestoreSwift;
		};
		94144A162AF000040094ACDD /* FirebaseFunctions */ = {
			isa = XCSwiftPackageProductDependency;
			package = 941449F72AF000040094ACDD /* XCRemoteSwiftPackageReference "firebase-ios-sdk" */;
			productName = FirebaseFunctions;
		};
		94144A182AF000040094ACDD /* FirebaseFunctionsCombine-Community */ = {
			isa = XCSwiftPackageProductDependency;
			package = 941449F72AF000040094ACDD /* XCRemoteSwiftPackageReference "firebase-ios-sdk" */;
			productName = "FirebaseFunctionsCombine-Community";
		};
		94144A1A2AF000040094ACDD /* FirebaseInAppMessaging-Beta */ = {
			isa = XCSwiftPackageProductDependency;
			package = 941449F72AF000040094ACDD /* XCRemoteSwiftPackageReference "firebase-ios-sdk" */;
			productName = "FirebaseInAppMessaging-Beta";
		};
		94144A1C2AF000040094ACDD /* FirebaseInAppMessagingSwift-Beta */ = {
			isa = XCSwiftPackageProductDependency;
			package = 941449F72AF000040094ACDD /* XCRemoteSwiftPackageReference "firebase-ios-sdk" */;
			productName = "FirebaseInAppMessagingSwift-Beta";
		};
		94144A1E2AF000040094ACDD /* FirebaseInstallations */ = {
			isa = XCSwiftPackageProductDependency;
			package = 941449F72AF000040094ACDD /* XCRemoteSwiftPackageReference "firebase-ios-sdk" */;
			productName = FirebaseInstallations;
		};
		94144A202AF000040094ACDD /* FirebaseMLModelDownloader */ = {
			isa = XCSwiftPackageProductDependency;
			package = 941449F72AF000040094ACDD /* XCRemoteSwiftPackageReference "firebase-ios-sdk" */;
			productName = FirebaseMLModelDownloader;
		};
		94144A222AF000040094ACDD /* FirebaseMessaging */ = {
			isa = XCSwiftPackageProductDependency;
			package = 941449F72AF000040094ACDD /* XCRemoteSwiftPackageReference "firebase-ios-sdk" */;
			productName = FirebaseMessaging;
		};
		94144A242AF000040094ACDD /* FirebasePerformance */ = {
			isa = XCSwiftPackageProductDependency;
			package = 941449F72AF000040094ACDD /* XCRemoteSwiftPackageReference "firebase-ios-sdk" */;
			productName = FirebasePerformance;
		};
		94144A262AF000040094ACDD /* FirebaseRemoteConfig */ = {
			isa = XCSwiftPackageProductDependency;
			package = 941449F72AF000040094ACDD /* XCRemoteSwiftPackageReference "firebase-ios-sdk" */;
			productName = FirebaseRemoteConfig;
		};
		94144A282AF000040094ACDD /* FirebaseRemoteConfigSwift */ = {
			isa = XCSwiftPackageProductDependency;
			package = 941449F72AF000040094ACDD /* XCRemoteSwiftPackageReference "firebase-ios-sdk" */;
			productName = FirebaseRemoteConfigSwift;
		};
		94144A2A2AF000040094ACDD /* FirebaseStorage */ = {
			isa = XCSwiftPackageProductDependency;
			package = 941449F72AF000040094ACDD /* XCRemoteSwiftPackageReference "firebase-ios-sdk" */;
			productName = FirebaseStorage;
		};
		94144A2C2AF000040094ACDD /* FirebaseStorageCombine-Community */ = {
			isa = XCSwiftPackageProductDependency;
			package = 941449F72AF000040094ACDD /* XCRemoteSwiftPackageReference "firebase-ios-sdk" */;
			productName = "FirebaseStorageCombine-Community";
		};
/* End XCSwiftPackageProductDependency section */
	};
	rootObject = 941517AA2AE19C0B00137FB6 /* Project object */;
}
